
Microsoft Visual Studio Solution File, Format Version 12.00
# Visual Studio Version 17
VisualStudioVersion = 17.0.31912.275
MinimumVisualStudioVersion = 10.0.40219.1
Project("{FAE04EC0-301F-11D3-BF4B-00C04F79EFBC}") = "XUnitTest.App", "XUnitTest.App\XUnitTest.App.csproj", "{A7463930-04B2-4C2F-807F-E907C2F6DDB3}"
EndProject
Project("{FAE04EC0-301F-11D3-BF4B-00C04F79EFBC}") = "XUnitTest.Test", "XUnitTest.Test\XUnitTest.Test.csproj", "{D2957938-92BF-4C34-965A-89B48AC62306}"
EndProject
Global
	GlobalSection(SolutionConfigurationPlatforms) = preSolution
		Debug|Any CPU = Debug|Any CPU
		Release|Any CPU = Release|Any CPU
	EndGlobalSection
	GlobalSection(ProjectConfigurationPlatforms) = postSolution
		{A7463930-04B2-4C2F-807F-E907C2F6DDB3}.Debug|Any CPU.ActiveCfg = Debug|Any CPU
		{A7463930-04B2-4C2F-807F-E907C2F6DDB3}.Debug|Any CPU.Build.0 = Debug|Any CPU
		{A7463930-04B2-4C2F-807F-E907C2F6DDB3}.Release|Any CPU.ActiveCfg = Release|Any CPU
		{A7463930-04B2-4C2F-807F-E907C2F6DDB3}.Release|Any CPU.Build.0 = Release|Any CPU
		{D2957938-92BF-4C34-965A-89B48AC62306}.Debug|Any CPU.ActiveCfg = Debug|Any CPU
		{D2957938-92BF-4C34-965A-89B48AC62306}.Debug|Any CPU.Build.0 = Debug|Any CPU
		{D2957938-92BF-4C34-965A-89B48AC62306}.Release|Any CPU.ActiveCfg = Release|Any CPU
		{D2957938-92BF-4C34-965A-89B48AC62306}.Release|Any CPU.Build.0 = Release|Any CPU
	EndGlobalSection
	GlobalSection(SolutionProperties) = preSolution
		HideSolutionNode = FALSE
	EndGlobalSection
	GlobalSection(ExtensibilityGlobals) = postSolution
		SolutionGuid = {92FDCD3C-6CF5-41E9-9D21-F8C9C2409BC2}
	EndGlobalSection
EndGlobal
